
Microsoft Visual Studio Solution File, Format Version 12.00
# Visual Studio Version 16
VisualStudioVersion = 16.0.29613.14
MinimumVisualStudioVersion = 10.0.40219.1
Project("{FAE04EC0-301F-11D3-BF4B-00C04F79EFBC}") = "AgendaTelefonica", "AgendaTelefonica\AgendaTelefonica\AgendaTelefonica.csproj", "{711231FA-3045-4A3B-A3EA-6FB812FB067C}"
EndProject
Project("{FAE04EC0-301F-11D3-BF4B-00C04F79EFBC}") = "AgendaTelefonica.Android", "AgendaTelefonica\AgendaTelefonica.Android\AgendaTelefonica.Android.csproj", "{52C7F510-8197-4DA7-B2B8-850C0356D578}"
EndProject
Project("{FAE04EC0-301F-11D3-BF4B-00C04F79EFBC}") = "AgendaTelefonica.UWP", "AgendaTelefonica\AgendaTelefonica.UWP\AgendaTelefonica.UWP.csproj", "{F6ACE65B-E94F-4302-A594-BDD7702E665F}"
EndProject
Global
	GlobalSection(SolutionConfigurationPlatforms) = preSolution
		Debug|Any CPU = Debug|Any CPU
		Debug|ARM = Debug|ARM
		Debug|x64 = Debug|x64
		Debug|x86 = Debug|x86
		Release|Any CPU = Release|Any CPU
		Release|ARM = Release|ARM
		Release|x64 = Release|x64
		Release|x86 = Release|x86
	EndGlobalSection
	GlobalSection(ProjectConfigurationPlatforms) = postSolution
		{711231FA-3045-4A3B-A3EA-6FB812FB067C}.Debug|Any CPU.ActiveCfg = Debug|Any CPU
		{711231FA-3045-4A3B-A3EA-6FB812FB067C}.Debug|Any CPU.Build.0 = Debug|Any CPU
		{711231FA-3045-4A3B-A3EA-6FB812FB067C}.Debug|ARM.ActiveCfg = Debug|Any CPU
		{711231FA-3045-4A3B-A3EA-6FB812FB067C}.Debug|ARM.Build.0 = Debug|Any CPU
		{711231FA-3045-4A3B-A3EA-6FB812FB067C}.Debug|x64.ActiveCfg = Debug|Any CPU
		{711231FA-3045-4A3B-A3EA-6FB812FB067C}.Debug|x64.Build.0 = Debug|Any CPU
		{711231FA-3045-4A3B-A3EA-6FB812FB067C}.Debug|x86.ActiveCfg = Debug|Any CPU
		{711231FA-3045-4A3B-A3EA-6FB812FB067C}.Debug|x86.Build.0 = Debug|Any CPU
		{711231FA-3045-4A3B-A3EA-6FB812FB067C}.Release|Any CPU.ActiveCfg = Release|Any CPU
		{711231FA-3045-4A3B-A3EA-6FB812FB067C}.Release|Any CPU.Build.0 = Release|Any CPU
		{711231FA-3045-4A3B-A3EA-6FB812FB067C}.Release|ARM.ActiveCfg = Release|Any CPU
		{711231FA-3045-4A3B-A3EA-6FB812FB067C}.Release|ARM.Build.0 = Release|Any CPU
		{711231FA-3045-4A3B-A3EA-6FB812FB067C}.Release|x64.ActiveCfg = Release|Any CPU
		{711231FA-3045-4A3B-A3EA-6FB812FB067C}.Release|x64.Build.0 = Release|Any CPU
		{711231FA-3045-4A3B-A3EA-6FB812FB067C}.Release|x86.ActiveCfg = Release|Any CPU
		{711231FA-3045-4A3B-A3EA-6FB812FB067C}.Release|x86.Build.0 = Release|Any CPU
		{52C7F510-8197-4DA7-B2B8-850C0356D578}.Debug|Any CPU.ActiveCfg = Debug|Any CPU
		{52C7F510-8197-4DA7-B2B8-850C0356D578}.Debug|Any CPU.Build.0 = Debug|Any CPU
		{52C7F510-8197-4DA7-B2B8-850C0356D578}.Debug|Any CPU.Deploy.0 = Debug|Any CPU
		{52C7F510-8197-4DA7-B2B8-850C0356D578}.Debug|ARM.ActiveCfg = Debug|Any CPU
		{52C7F510-8197-4DA7-B2B8-850C0356D578}.Debug|ARM.Build.0 = Debug|Any CPU
		{52C7F510-8197-4DA7-B2B8-850C0356D578}.Debug|ARM.Deploy.0 = Debug|Any CPU
		{52C7F510-8197-4DA7-B2B8-850C0356D578}.Debug|x64.ActiveCfg = Debug|Any CPU
		{52C7F510-8197-4DA7-B2B8-850C0356D578}.Debug|x64.Build.0 = Debug|Any CPU
		{52C7F510-8197-4DA7-B2B8-850C0356D578}.Debug|x64.Deploy.0 = Debug|Any CPU
		{52C7F510-8197-4DA7-B2B8-850C0356D578}.Debug|x86.ActiveCfg = Debug|Any CPU
		{52C7F510-8197-4DA7-B2B8-850C0356D578}.Debug|x86.Build.0 = Debug|Any CPU
		{52C7F510-8197-4DA7-B2B8-850C0356D578}.Debug|x86.Deploy.0 = Debug|Any CPU
		{52C7F510-8197-4DA7-B2B8-850C0356D578}.Release|Any CPU.ActiveCfg = Release|Any CPU
		{52C7F510-8197-4DA7-B2B8-850C0356D578}.Release|Any CPU.Build.0 = Release|Any CPU
		{52C7F510-8197-4DA7-B2B8-850C0356D578}.Release|Any CPU.Deploy.0 = Release|Any CPU
		{52C7F510-8197-4DA7-B2B8-850C0356D578}.Release|ARM.ActiveCfg = Release|Any CPU
		{52C7F510-8197-4DA7-B2B8-850C0356D578}.Release|ARM.Build.0 = Release|Any CPU
		{52C7F510-8197-4DA7-B2B8-850C0356D578}.Release|ARM.Deploy.0 = Release|Any CPU
		{52C7F510-8197-4DA7-B2B8-850C0356D578}.Release|x64.ActiveCfg = Release|Any CPU
		{52C7F510-8197-4DA7-B2B8-850C0356D578}.Release|x64.Build.0 = Release|Any CPU
		{52C7F510-8197-4DA7-B2B8-850C0356D578}.Release|x64.Deploy.0 = Release|Any CPU
		{52C7F510-8197-4DA7-B2B8-850C0356D578}.Release|x86.ActiveCfg = Release|Any CPU
		{52C7F510-8197-4DA7-B2B8-850C0356D578}.Release|x86.Build.0 = Release|Any CPU
		{52C7F510-8197-4DA7-B2B8-850C0356D578}.Release|x86.Deploy.0 = Release|Any CPU
		{F6ACE65B-E94F-4302-A594-BDD7702E665F}.Debug|Any CPU.ActiveCfg = Debug|x86
		{F6ACE65B-E94F-4302-A594-BDD7702E665F}.Debug|ARM.ActiveCfg = Debug|ARM
		{F6ACE65B-E94F-4302-A594-BDD7702E665F}.Debug|ARM.Build.0 = Debug|ARM
		{F6ACE65B-E94F-4302-A594-BDD7702E665F}.Debug|ARM.Deploy.0 = Debug|ARM
		{F6ACE65B-E94F-4302-A594-BDD7702E665F}.Debug|x64.ActiveCfg = Debug|x64
		{F6ACE65B-E94F-4302-A594-BDD7702E665F}.Debug|x64.Build.0 = Debug|x64
		{F6ACE65B-E94F-4302-A594-BDD7702E665F}.Debug|x64.Deploy.0 = Debug|x64
		{F6ACE65B-E94F-4302-A594-BDD7702E665F}.Debug|x86.ActiveCfg = Debug|x86
		{F6ACE65B-E94F-4302-A594-BDD7702E665F}.Debug|x86.Build.0 = Debug|x86
		{F6ACE65B-E94F-4302-A594-BDD7702E665F}.Debug|x86.Deploy.0 = Debug|x86
		{F6ACE65B-E94F-4302-A594-BDD7702E665F}.Release|Any CPU.ActiveCfg = Release|x86
		{F6ACE65B-E94F-4302-A594-BDD7702E665F}.Release|ARM.ActiveCfg = Release|ARM
		{F6ACE65B-E94F-4302-A594-BDD7702E665F}.Release|ARM.Build.0 = Release|ARM
		{F6ACE65B-E94F-4302-A594-BDD7702E665F}.Release|ARM.Deploy.0 = Release|ARM
		{F6ACE65B-E94F-4302-A594-BDD7702E665F}.Release|x64.ActiveCfg = Release|x64
		{F6ACE65B-E94F-4302-A594-BDD7702E665F}.Release|x64.Build.0 = Release|x64
		{F6ACE65B-E94F-4302-A594-BDD7702E665F}.Release|x64.Deploy.0 = Release|x64
		{F6ACE65B-E94F-4302-A594-BDD7702E665F}.Release|x86.ActiveCfg = Release|x86
		{F6ACE65B-E94F-4302-A594-BDD7702E665F}.Release|x86.Build.0 = Release|x86
		{F6ACE65B-E94F-4302-A594-BDD7702E665F}.Release|x86.Deploy.0 = Release|x86
	EndGlobalSection
	GlobalSection(SolutionProperties) = preSolution
		HideSolutionNode = FALSE
	EndGlobalSection
	GlobalSection(ExtensibilityGlobals) = postSolution
		SolutionGuid = {426B28C1-FFDA-471A-94D9-7828CB42259A}
	EndGlobalSection
EndGlobal
