
Microsoft Visual Studio Solution File, Format Version 12.00
# Visual Studio Version 16
VisualStudioVersion = 16.0.29728.190
MinimumVisualStudioVersion = 10.0.40219.1
Project("{FAE04EC0-301F-11D3-BF4B-00C04F79EFBC}") = "AgendaTelefonica.UWP", "AgendaTelefonica\AgendaTelefonica.UWP\AgendaTelefonica.UWP.csproj", "{E7D79403-C1F7-4DEA-B4FA-BED2AD7FE7BA}"
EndProject
Project("{FAE04EC0-301F-11D3-BF4B-00C04F79EFBC}") = "AgendaTelefonica.Android", "AgendaTelefonica\AgendaTelefonica.Android\AgendaTelefonica.Android.csproj", "{E5D19E09-698C-499A-ABEC-655926214B90}"
EndProject
Project("{9A19103F-16F7-4668-BE54-9A1E7A4F7556}") = "AgendaTelefonica", "AgendaTelefonica\AgendaTelefonica\AgendaTelefonica.csproj", "{9F64BCE7-7E60-454D-8A78-E36543F7F331}"
EndProject
Project("{FAE04EC0-301F-11D3-BF4B-00C04F79EFBC}") = "ClassLibraryDb", "ClassLibraryDb\ClassLibraryDb.csproj", "{52094C0E-477B-40CD-9530-C528EEF1A697}"
EndProject
Global
	GlobalSection(SolutionConfigurationPlatforms) = preSolution
		Debug|Any CPU = Debug|Any CPU
		Debug|ARM = Debug|ARM
		Debug|x64 = Debug|x64
		Debug|x86 = Debug|x86
		Release|Any CPU = Release|Any CPU
		Release|ARM = Release|ARM
		Release|x64 = Release|x64
		Release|x86 = Release|x86
	EndGlobalSection
	GlobalSection(ProjectConfigurationPlatforms) = postSolution
		{E7D79403-C1F7-4DEA-B4FA-BED2AD7FE7BA}.Debug|Any CPU.ActiveCfg = Debug|x86
		{E7D79403-C1F7-4DEA-B4FA-BED2AD7FE7BA}.Debug|Any CPU.Build.0 = Debug|x86
		{E7D79403-C1F7-4DEA-B4FA-BED2AD7FE7BA}.Debug|Any CPU.Deploy.0 = Debug|x86
		{E7D79403-C1F7-4DEA-B4FA-BED2AD7FE7BA}.Debug|ARM.ActiveCfg = Debug|ARM
		{E7D79403-C1F7-4DEA-B4FA-BED2AD7FE7BA}.Debug|ARM.Build.0 = Debug|ARM
		{E7D79403-C1F7-4DEA-B4FA-BED2AD7FE7BA}.Debug|ARM.Deploy.0 = Debug|ARM
		{E7D79403-C1F7-4DEA-B4FA-BED2AD7FE7BA}.Debug|x64.ActiveCfg = Debug|x64
		{E7D79403-C1F7-4DEA-B4FA-BED2AD7FE7BA}.Debug|x64.Build.0 = Debug|x64
		{E7D79403-C1F7-4DEA-B4FA-BED2AD7FE7BA}.Debug|x64.Deploy.0 = Debug|x64
		{E7D79403-C1F7-4DEA-B4FA-BED2AD7FE7BA}.Debug|x86.ActiveCfg = Debug|x86
		{E7D79403-C1F7-4DEA-B4FA-BED2AD7FE7BA}.Debug|x86.Build.0 = Debug|x86
		{E7D79403-C1F7-4DEA-B4FA-BED2AD7FE7BA}.Debug|x86.Deploy.0 = Debug|x86
		{E7D79403-C1F7-4DEA-B4FA-BED2AD7FE7BA}.Release|Any CPU.ActiveCfg = Release|x86
		{E7D79403-C1F7-4DEA-B4FA-BED2AD7FE7BA}.Release|Any CPU.Build.0 = Release|x86
		{E7D79403-C1F7-4DEA-B4FA-BED2AD7FE7BA}.Release|Any CPU.Deploy.0 = Release|x86
		{E7D79403-C1F7-4DEA-B4FA-BED2AD7FE7BA}.Release|ARM.ActiveCfg = Release|ARM
		{E7D79403-C1F7-4DEA-B4FA-BED2AD7FE7BA}.Release|ARM.Build.0 = Release|ARM
		{E7D79403-C1F7-4DEA-B4FA-BED2AD7FE7BA}.Release|ARM.Deploy.0 = Release|ARM
		{E7D79403-C1F7-4DEA-B4FA-BED2AD7FE7BA}.Release|x64.ActiveCfg = Release|x64
		{E7D79403-C1F7-4DEA-B4FA-BED2AD7FE7BA}.Release|x64.Build.0 = Release|x64
		{E7D79403-C1F7-4DEA-B4FA-BED2AD7FE7BA}.Release|x64.Deploy.0 = Release|x64
		{E7D79403-C1F7-4DEA-B4FA-BED2AD7FE7BA}.Release|x86.ActiveCfg = Release|x86
		{E7D79403-C1F7-4DEA-B4FA-BED2AD7FE7BA}.Release|x86.Build.0 = Release|x86
		{E7D79403-C1F7-4DEA-B4FA-BED2AD7FE7BA}.Release|x86.Deploy.0 = Release|x86
		{E5D19E09-698C-499A-ABEC-655926214B90}.Debug|Any CPU.ActiveCfg = Debug|Any CPU
		{E5D19E09-698C-499A-ABEC-655926214B90}.Debug|Any CPU.Build.0 = Debug|Any CPU
		{E5D19E09-698C-499A-ABEC-655926214B90}.Debug|Any CPU.Deploy.0 = Debug|Any CPU
		{E5D19E09-698C-499A-ABEC-655926214B90}.Debug|ARM.ActiveCfg = Debug|Any CPU
		{E5D19E09-698C-499A-ABEC-655926214B90}.Debug|ARM.Build.0 = Debug|Any CPU
		{E5D19E09-698C-499A-ABEC-655926214B90}.Debug|ARM.Deploy.0 = Debug|Any CPU
		{E5D19E09-698C-499A-ABEC-655926214B90}.Debug|x64.ActiveCfg = Debug|Any CPU
		{E5D19E09-698C-499A-ABEC-655926214B90}.Debug|x64.Build.0 = Debug|Any CPU
		{E5D19E09-698C-499A-ABEC-655926214B90}.Debug|x64.Deploy.0 = Debug|Any CPU
		{E5D19E09-698C-499A-ABEC-655926214B90}.Debug|x86.ActiveCfg = Debug|Any CPU
		{E5D19E09-698C-499A-ABEC-655926214B90}.Debug|x86.Build.0 = Debug|Any CPU
		{E5D19E09-698C-499A-ABEC-655926214B90}.Debug|x86.Deploy.0 = Debug|Any CPU
		{E5D19E09-698C-499A-ABEC-655926214B90}.Release|Any CPU.ActiveCfg = Release|Any CPU
		{E5D19E09-698C-499A-ABEC-655926214B90}.Release|Any CPU.Build.0 = Release|Any CPU
		{E5D19E09-698C-499A-ABEC-655926214B90}.Release|Any CPU.Deploy.0 = Release|Any CPU
		{E5D19E09-698C-499A-ABEC-655926214B90}.Release|ARM.ActiveCfg = Release|Any CPU
		{E5D19E09-698C-499A-ABEC-655926214B90}.Release|ARM.Build.0 = Release|Any CPU
		{E5D19E09-698C-499A-ABEC-655926214B90}.Release|ARM.Deploy.0 = Release|Any CPU
		{E5D19E09-698C-499A-ABEC-655926214B90}.Release|x64.ActiveCfg = Release|Any CPU
		{E5D19E09-698C-499A-ABEC-655926214B90}.Release|x64.Build.0 = Release|Any CPU
		{E5D19E09-698C-499A-ABEC-655926214B90}.Release|x64.Deploy.0 = Release|Any CPU
		{E5D19E09-698C-499A-ABEC-655926214B90}.Release|x86.ActiveCfg = Release|Any CPU
		{E5D19E09-698C-499A-ABEC-655926214B90}.Release|x86.Build.0 = Release|Any CPU
		{E5D19E09-698C-499A-ABEC-655926214B90}.Release|x86.Deploy.0 = Release|Any CPU
		{9F64BCE7-7E60-454D-8A78-E36543F7F331}.Debug|Any CPU.ActiveCfg = Debug|Any CPU
		{9F64BCE7-7E60-454D-8A78-E36543F7F331}.Debug|Any CPU.Build.0 = Debug|Any CPU
		{9F64BCE7-7E60-454D-8A78-E36543F7F331}.Debug|Any CPU.Deploy.0 = Debug|Any CPU
		{9F64BCE7-7E60-454D-8A78-E36543F7F331}.Debug|ARM.ActiveCfg = Debug|Any CPU
		{9F64BCE7-7E60-454D-8A78-E36543F7F331}.Debug|ARM.Build.0 = Debug|Any CPU
		{9F64BCE7-7E60-454D-8A78-E36543F7F331}.Debug|ARM.Deploy.0 = Debug|Any CPU
		{9F64BCE7-7E60-454D-8A78-E36543F7F331}.Debug|x64.ActiveCfg = Debug|Any CPU
		{9F64BCE7-7E60-454D-8A78-E36543F7F331}.Debug|x64.Build.0 = Debug|Any CPU
		{9F64BCE7-7E60-454D-8A78-E36543F7F331}.Debug|x64.Deploy.0 = Debug|Any CPU
		{9F64BCE7-7E60-454D-8A78-E36543F7F331}.Debug|x86.ActiveCfg = Debug|Any CPU
		{9F64BCE7-7E60-454D-8A78-E36543F7F331}.Debug|x86.Build.0 = Debug|Any CPU
		{9F64BCE7-7E60-454D-8A78-E36543F7F331}.Debug|x86.Deploy.0 = Debug|Any CPU
		{9F64BCE7-7E60-454D-8A78-E36543F7F331}.Release|Any CPU.ActiveCfg = Release|Any CPU
		{9F64BCE7-7E60-454D-8A78-E36543F7F331}.Release|Any CPU.Build.0 = Release|Any CPU
		{9F64BCE7-7E60-454D-8A78-E36543F7F331}.Release|Any CPU.Deploy.0 = Release|Any CPU
		{9F64BCE7-7E60-454D-8A78-E36543F7F331}.Release|ARM.ActiveCfg = Release|Any CPU
		{9F64BCE7-7E60-454D-8A78-E36543F7F331}.Release|ARM.Build.0 = Release|Any CPU
		{9F64BCE7-7E60-454D-8A78-E36543F7F331}.Release|ARM.Deploy.0 = Release|Any CPU
		{9F64BCE7-7E60-454D-8A78-E36543F7F331}.Release|x64.ActiveCfg = Release|Any CPU
		{9F64BCE7-7E60-454D-8A78-E36543F7F331}.Release|x64.Build.0 = Release|Any CPU
		{9F64BCE7-7E60-454D-8A78-E36543F7F331}.Release|x64.Deploy.0 = Release|Any CPU
		{9F64BCE7-7E60-454D-8A78-E36543F7F331}.Release|x86.ActiveCfg = Release|Any CPU
		{9F64BCE7-7E60-454D-8A78-E36543F7F331}.Release|x86.Build.0 = Release|Any CPU
		{9F64BCE7-7E60-454D-8A78-E36543F7F331}.Release|x86.Deploy.0 = Release|Any CPU
		{52094C0E-477B-40CD-9530-C528EEF1A697}.Debug|Any CPU.ActiveCfg = Debug|Any CPU
		{52094C0E-477B-40CD-9530-C528EEF1A697}.Debug|Any CPU.Build.0 = Debug|Any CPU
		{52094C0E-477B-40CD-9530-C528EEF1A697}.Debug|ARM.ActiveCfg = Debug|Any CPU
		{52094C0E-477B-40CD-9530-C528EEF1A697}.Debug|ARM.Build.0 = Debug|Any CPU
		{52094C0E-477B-40CD-9530-C528EEF1A697}.Debug|x64.ActiveCfg = Debug|Any CPU
		{52094C0E-477B-40CD-9530-C528EEF1A697}.Debug|x64.Build.0 = Debug|Any CPU
		{52094C0E-477B-40CD-9530-C528EEF1A697}.Debug|x86.ActiveCfg = Debug|Any CPU
		{52094C0E-477B-40CD-9530-C528EEF1A697}.Debug|x86.Build.0 = Debug|Any CPU
		{52094C0E-477B-40CD-9530-C528EEF1A697}.Release|Any CPU.ActiveCfg = Release|Any CPU
		{52094C0E-477B-40CD-9530-C528EEF1A697}.Release|Any CPU.Build.0 = Release|Any CPU
		{52094C0E-477B-40CD-9530-C528EEF1A697}.Release|ARM.ActiveCfg = Release|Any CPU
		{52094C0E-477B-40CD-9530-C528EEF1A697}.Release|ARM.Build.0 = Release|Any CPU
		{52094C0E-477B-40CD-9530-C528EEF1A697}.Release|x64.ActiveCfg = Release|Any CPU
		{52094C0E-477B-40CD-9530-C528EEF1A697}.Release|x64.Build.0 = Release|Any CPU
		{52094C0E-477B-40CD-9530-C528EEF1A697}.Release|x86.ActiveCfg = Release|Any CPU
		{52094C0E-477B-40CD-9530-C528EEF1A697}.Release|x86.Build.0 = Release|Any CPU
	EndGlobalSection
	GlobalSection(SolutionProperties) = preSolution
		HideSolutionNode = FALSE
	EndGlobalSection
	GlobalSection(ExtensibilityGlobals) = postSolution
		SolutionGuid = {26060E99-DC02-4C8B-BE12-3CF26EF49253}
	EndGlobalSection
EndGlobal
